// !$*UTF8*$!
{
	archiveVersion = 1;
	classes = {
	};
	objectVersion = 56;
	objects = {

/* Begin PBXBuildFile section */
		765A8E772B1A36AE000342C9 /* AppDelegate.swift in Sources */ = {isa = PBXBuildFile; fileRef = 765A8E762B1A36AE000342C9 /* AppDelegate.swift */; };
		765A8E7B2B1A36AE000342C9 /* HomeVC.swift in Sources */ = {isa = PBXBuildFile; fileRef = 765A8E7A2B1A36AE000342C9 /* HomeVC.swift */; };
		765A8E7E2B1A36AE000342C9 /* Main.storyboard in Resources */ = {isa = PBXBuildFile; fileRef = 765A8E7C2B1A36AE000342C9 /* Main.storyboard */; };
		765A8E802B1A36AF000342C9 /* Assets.xcassets in Resources */ = {isa = PBXBuildFile; fileRef = 765A8E7F2B1A36AF000342C9 /* Assets.xcassets */; };
		765A8E832B1A36AF000342C9 /* LaunchScreen.storyboard in Resources */ = {isa = PBXBuildFile; fileRef = 765A8E812B1A36AF000342C9 /* LaunchScreen.storyboard */; };
		765A8E8B2B1A3CA3000342C9 /* HomeVC.xib in Resources */ = {isa = PBXBuildFile; fileRef = 765A8E8A2B1A3CA3000342C9 /* HomeVC.xib */; };
/* End PBXBuildFile section */

/* Begin PBXFileReference section */
		765A8E732B1A36AE000342C9 /* User_Default.app */ = {isa = PBXFileReference; explicitFileType = wrapper.application; includeInIndex = 0; path = User_Default.app; sourceTree = BUILT_PRODUCTS_DIR; };
		765A8E762B1A36AE000342C9 /* AppDelegate.swift */ = {isa = PBXFileReference; lastKnownFileType = sourcecode.swift; path = AppDelegate.swift; sourceTree = "<group>"; };
		765A8E7A2B1A36AE000342C9 /* HomeVC.swift */ = {isa = PBXFileReference; lastKnownFileType = sourcecode.swift; path = HomeVC.swift; sourceTree = "<group>"; };
		765A8E7D2B1A36AE000342C9 /* Base */ = {isa = PBXFileReference; lastKnownFileType = file.storyboard; name = Base; path = Base.lproj/Main.storyboard; sourceTree = "<group>"; };
		765A8E7F2B1A36AF000342C9 /* Assets.xcassets */ = {isa = PBXFileReference; lastKnownFileType = folder.assetcatalog; path = Assets.xcassets; sourceTree = "<group>"; };
		765A8E822B1A36AF000342C9 /* Base */ = {isa = PBXFileReference; lastKnownFileType = file.storyboard; name = Base; path = Base.lproj/LaunchScreen.storyboard; sourceTree = "<group>"; };
		765A8E842B1A36AF000342C9 /* Info.plist */ = {isa = PBXFileReference; lastKnownFileType = text.plist.xml; path = Info.plist; sourceTree = "<group>"; };
		765A8E8A2B1A3CA3000342C9 /* HomeVC.xib */ = {isa = PBXFileReference; lastKnownFileType = file.xib; path = HomeVC.xib; sourceTree = "<group>"; };
/* End PBXFileReference section */

/* Begin PBXFrameworksBuildPhase section */
		765A8E702B1A36AE000342C9 /* Frameworks */ = {
			isa = PBXFrameworksBuildPhase;
			buildActionMask = 2147483647;
			files = (
			);
			runOnlyForDeploymentPostprocessing = 0;
		};
/* End PBXFrameworksBuildPhase section */

/* Begin PBXGroup section */
		765A8E6A2B1A36AE000342C9 = {
			isa = PBXGroup;
			children = (
				765A8E752B1A36AE000342C9 /* User_Default */,
				765A8E742B1A36AE000342C9 /* Products */,
			);
			sourceTree = "<group>";
		};
		765A8E742B1A36AE000342C9 /* Products */ = {
			isa = PBXGroup;
			children = (
				765A8E732B1A36AE000342C9 /* User_Default.app */,
			);
			name = Products;
			sourceTree = "<group>";
		};
		765A8E752B1A36AE000342C9 /* User_Default */ = {
			isa = PBXGroup;
			children = (
				765A8E8C2B1A3CB5000342C9 /* Presentation */,
				765A8E8D2B1A3CBB000342C9 /* Domain */,
				765A8E8E2B1A3CC6000342C9 /* Data */,
				765A8E762B1A36AE000342C9 /* AppDelegate.swift */,
				765A8E7C2B1A36AE000342C9 /* Main.storyboard */,
				765A8E7F2B1A36AF000342C9 /* Assets.xcassets */,
				765A8E812B1A36AF000342C9 /* LaunchScreen.storyboard */,
				765A8E842B1A36AF000342C9 /* Info.plist */,
			);
			path = User_Default;
			sourceTree = "<group>";
		};
		765A8E8C2B1A3CB5000342C9 /* Presentation */ = {
			isa = PBXGroup;
			children = (
				765A8E8F2B1A3D3A000342C9 /* Features */,
			);
			path = Presentation;
			sourceTree = "<group>";
		};
		765A8E8D2B1A3CBB000342C9 /* Domain */ = {
			isa = PBXGroup;
			children = (
			);
			path = Domain;
			sourceTree = "<group>";
		};
		765A8E8E2B1A3CC6000342C9 /* Data */ = {
			isa = PBXGroup;
			children = (
			);
			path = Data;
			sourceTree = "<group>";
		};
		765A8E8F2B1A3D3A000342C9 /* Features */ = {
			isa = PBXGroup;
			children = (
				765A8E902B1A3D43000342C9 /* HomeVC */,
			);
			path = Features;
			sourceTree = "<group>";
		};
		765A8E902B1A3D43000342C9 /* HomeVC */ = {
			isa = PBXGroup;
			children = (
				765A8E7A2B1A36AE000342C9 /* HomeVC.swift */,
				765A8E8A2B1A3CA3000342C9 /* HomeVC.xib */,
			);
			path = HomeVC;
			sourceTree = "<group>";
		};
/* End PBXGroup section */

/* Begin PBXNativeTarget section */
		765A8E722B1A36AE000342C9 /* User_Default */ = {
			isa = PBXNativeTarget;
			buildConfigurationList = 765A8E872B1A36AF000342C9 /* Build configuration list for PBXNativeTarget "User_Default" */;
			buildPhases = (
				765A8E6F2B1A36AE000342C9 /* Sources */,
				765A8E702B1A36AE000342C9 /* Frameworks */,
				765A8E712B1A36AE000342C9 /* Resources */,
			);
			buildRules = (
			);
			dependencies = (
			);
			name = User_Default;
			productName = User_Default;
			productReference = 765A8E732B1A36AE000342C9 /* User_Default.app */;
			productType = "com.apple.product-type.application";
		};
/* End PBXNativeTarget section */

/* Begin PBXProject section */
		765A8E6B2B1A36AE000342C9 /* Project object */ = {
			isa = PBXProject;
			attributes = {
				BuildIndependentTargetsInParallel = 1;
				LastSwiftUpdateCheck = 1430;
				LastUpgradeCheck = 1430;
				TargetAttributes = {
					765A8E722B1A36AE000342C9 = {
						CreatedOnToolsVersion = 14.3.1;
					};
				};
			};
			buildConfigurationList = 765A8E6E2B1A36AE000342C9 /* Build configuration list for PBXProject "User_Default" */;
			compatibilityVersion = "Xcode 14.0";
			developmentRegion = en;
			hasScannedForEncodings = 0;
			knownRegions = (
				en,
				Base,
			);
			mainGroup = 765A8E6A2B1A36AE000342C9;
			productRefGroup = 765A8E742B1A36AE000342C9 /* Products */;
			projectDirPath = "";
			projectRoot = "";
			targets = (
				765A8E722B1A36AE000342C9 /* User_Default */,
			);
		};
/* End PBXProject section */

/* Begin PBXResourcesBuildPhase section */
		765A8E712B1A36AE000342C9 /* Resources */ = {
			isa = PBXResourcesBuildPhase;
			buildActionMask = 2147483647;
			files = (
				765A8E832B1A36AF000342C9 /* LaunchScreen.storyboard in Resources */,
				765A8E8B2B1A3CA3000342C9 /* HomeVC.xib in Resources */,
				765A8E802B1A36AF000342C9 /* Assets.xcassets in Resources */,
				765A8E7E2B1A36AE000342C9 /* Main.storyboard in Resources */,
			);
			runOnlyForDeploymentPostprocessing = 0;
		};
/* End PBXResourcesBuildPhase section */

/* Begin PBXSourcesBuildPhase section */
		765A8E6F2B1A36AE000342C9 /* Sources */ = {
			isa = PBXSourcesBuildPhase;
			buildActionMask = 2147483647;
			files = (
				765A8E7B2B1A36AE000342C9 /* HomeVC.swift in Sources */,
				765A8E772B1A36AE000342C9 /* AppDelegate.swift in Sources */,
			);
			runOnlyForDeploymentPostprocessing = 0;
		};
/* End PBXSourcesBuildPhase section */

/* Begin PBXVariantGroup section */
		765A8E7C2B1A36AE000342C9 /* Main.storyboard */ = {
			isa = PBXVariantGroup;
			children = (
				765A8E7D2B1A36AE000342C9 /* Base */,
			);
			name = Main.storyboard;
			sourceTree = "<group>";
		};
		765A8E812B1A36AF000342C9 /* LaunchScreen.storyboard */ = {
			isa = PBXVariantGroup;
			children = (
				765A8E822B1A36AF000342C9 /* Base */,
			);
			name = LaunchScreen.storyboard;
			sourceTree = "<group>";
		};
/* End PBXVariantGroup section */

/* Begin XCBuildConfiguration section */
		765A8E852B1A36AF000342C9 /* Debug */ = {
			isa = XCBuildConfiguration;
			buildSettings = {
				ALWAYS_SEARCH_USER_PATHS = NO;
				CLANG_ANALYZER_NONNULL = YES;
				CLANG_ANALYZER_NUMBER_OBJECT_CONVERSION = YES_AGGRESSIVE;
				CLANG_CXX_LANGUAGE_STANDARD = "gnu++20";
				CLANG_ENABLE_MODULES = YES;
				CLANG_ENABLE_OBJC_ARC = YES;
				CLANG_ENABLE_OBJC_WEAK = YES;
				CLANG_WARN_BLOCK_CAPTURE_AUTORELEASING = YES;
				CLANG_WARN_BOOL_CONVERSION = YES;
				CLANG_WARN_COMMA = YES;
				CLANG_WARN_CONSTANT_CONVERSION = YES;
				CLANG_WARN_DEPRECATED_OBJC_IMPLEMENTATIONS = YES;
				CLANG_WARN_DIRECT_OBJC_ISA_USAGE = YES_ERROR;
				CLANG_WARN_DOCUMENTATION_COMMENTS = YES;
				CLANG_WARN_EMPTY_BODY = YES;
				CLANG_WARN_ENUM_CONVERSION = YES;
				CLANG_WARN_INFINITE_RECURSION = YES;
				CLANG_WARN_INT_CONVERSION = YES;
				CLANG_WARN_NON_LITERAL_NULL_CONVERSION = YES;
				CLANG_WARN_OBJC_IMPLICIT_RETAIN_SELF = YES;
				CLANG_WARN_OBJC_LITERAL_CONVERSION = YES;
				CLANG_WARN_OBJC_ROOT_CLASS = YES_ERROR;
				CLANG_WARN_QUOTED_INCLUDE_IN_FRAMEWORK_HEADER = YES;
				CLANG_WARN_RANGE_LOOP_ANALYSIS = YES;
				CLANG_WARN_STRICT_PROTOTYPES = YES;
				CLANG_WARN_SUSPICIOUS_MOVE = YES;
				CLANG_WARN_UNGUARDED_AVAILABILITY = YES_AGGRESSIVE;
				CLANG_WARN_UNREACHABLE_CODE = YES;
				CLANG_WARN__DUPLICATE_METHOD_MATCH = YES;
				COPY_PHASE_STRIP = NO;
				DEBUG_INFORMATION_FORMAT = dwarf;
				ENABLE_STRICT_OBJC_MSGSEND = YES;
				ENABLE_TESTABILITY = YES;
				GCC_C_LANGUAGE_STANDARD = gnu11;
				GCC_DYNAMIC_NO_PIC = NO;
				GCC_NO_COMMON_BLOCKS = YES;
				GCC_OPTIMIZATION_LEVEL = 0;
				GCC_PREPROCESSOR_DEFINITIONS = (
					"DEBUG=1",
					"$(inherited)",
				);
				GCC_WARN_64_TO_32_BIT_CONVERSION = YES;
				GCC_WARN_ABOUT_RETURN_TYPE = YES_ERROR;
				GCC_WARN_UNDECLARED_SELECTOR = YES;
				GCC_WARN_UNINITIALIZED_AUTOS = YES_AGGRESSIVE;
				GCC_WARN_UNUSED_FUNCTION = YES;
				GCC_WARN_UNUSED_VARIABLE = YES;
				IPHONEOS_DEPLOYMENT_TARGET = 16.4;
				MTL_ENABLE_DEBUG_INFO = INCLUDE_SOURCE;
				MTL_FAST_MATH = YES;
				ONLY_ACTIVE_ARCH = YES;
				SDKROOT = iphoneos;
				SWIFT_ACTIVE_COMPILATION_CONDITIONS = DEBUG;
				SWIFT_OPTIMIZATION_LEVEL = "-Onone";
			};
			name = Debug;
		};
		765A8E862B1A36AF000342C9 /* Release */ = {
			isa = XCBuildConfiguration;
			buildSettings = {
				ALWAYS_SEARCH_USER_PATHS = NO;
				CLANG_ANALYZER_NONNULL = YES;
				CLANG_ANALYZER_NUMBER_OBJECT_CONVERSION = YES_AGGRESSIVE;
				CLANG_CXX_LANGUAGE_STANDARD = "gnu++20";
				CLANG_ENABLE_MODULES = YES;
				CLANG_ENABLE_OBJC_ARC = YES;
				CLANG_ENABLE_OBJC_WEAK = YES;
				CLANG_WARN_BLOCK_CAPTURE_AUTORELEASING = YES;
				CLANG_WARN_BOOL_CONVERSION = YES;
				CLANG_WARN_COMMA = YES;
				CLANG_WARN_CONSTANT_CONVERSION = YES;
				CLANG_WARN_DEPRECATED_OBJC_IMPLEMENTATIONS = YES;
				CLANG_WARN_DIRECT_OBJC_ISA_USAGE = YES_ERROR;
				CLANG_WARN_DOCUMENTATION_COMMENTS = YES;
				CLANG_WARN_EMPTY_BODY = YES;
				CLANG_WARN_ENUM_CONVERSION = YES;
				CLANG_WARN_INFINITE_RECURSION = YES;
				CLANG_WARN_INT_CONVERSION = YES;
				CLANG_WARN_NON_LITERAL_NULL_CONVERSION = YES;
				CLANG_WARN_OBJC_IMPLICIT_RETAIN_SELF = YES;
				CLANG_WARN_OBJC_LITERAL_CONVERSION = YES;
				CLANG_WARN_OBJC_ROOT_CLASS = YES_ERROR;
				CLANG_WARN_QUOTED_INCLUDE_IN_FRAMEWORK_HEADER = YES;
				CLANG_WARN_RANGE_LOOP_ANALYSIS = YES;
				CLANG_WARN_STRICT_PROTOTYPES = YES;
				CLANG_WARN_SUSPICIOUS_MOVE = YES;
				CLANG_WARN_UNGUARDED_AVAILABILITY = YES_AGGRESSIVE;
				CLANG_WARN_UNREACHABLE_CODE = YES;
				CLANG_WARN__DUPLICATE_METHOD_MATCH = YES;
				COPY_PHASE_STRIP = NO;
				DEBUG_INFORMATION_FORMAT = "dwarf-with-dsym";
				ENABLE_NS_ASSERTIONS = NO;
				ENABLE_STRICT_OBJC_MSGSEND = YES;
				GCC_C_LANGUAGE_STANDARD = gnu11;
				GCC_NO_COMMON_BLOCKS = YES;
				GCC_WARN_64_TO_32_BIT_CONVERSION = YES;
				GCC_WARN_ABOUT_RETURN_TYPE = YES_ERROR;
				GCC_WARN_UNDECLARED_SELECTOR = YES;
				GCC_WARN_UNINITIALIZED_AUTOS = YES_AGGRESSIVE;
				GCC_WARN_UNUSED_FUNCTION = YES;
				GCC_WARN_UNUSED_VARIABLE = YES;
				IPHONEOS_DEPLOYMENT_TARGET = 16.4;
				MTL_ENABLE_DEBUG_INFO = NO;
				MTL_FAST_MATH = YES;
				SDKROOT = iphoneos;
				SWIFT_COMPILATION_MODE = wholemodule;
				SWIFT_OPTIMIZATION_LEVEL = "-O";
				VALIDATE_PRODUCT = YES;
			};
			name = Release;
		};
		765A8E882B1A36AF000342C9 /* Debug */ = {
			isa = XCBuildConfiguration;
			buildSettings = {
				ASSETCATALOG_COMPILER_APPICON_NAME = AppIcon;
				ASSETCATALOG_COMPILER_GLOBAL_ACCENT_COLOR_NAME = AccentColor;
				CODE_SIGN_STYLE = Automatic;
				CURRENT_PROJECT_VERSION = 1;
				DEVELOPMENT_TEAM = UJSRV9HAGZ;
				GENERATE_INFOPLIST_FILE = YES;
				INFOPLIST_FILE = User_Default/Info.plist;
				INFOPLIST_KEY_UIApplicationSupportsIndirectInputEvents = YES;
				INFOPLIST_KEY_UILaunchStoryboardName = LaunchScreen;
				INFOPLIST_KEY_UISupportedInterfaceOrientations_iPad = "UIInterfaceOrientationPortrait UIInterfaceOrientationPortraitUpsideDown UIInterfaceOrientationLandscapeLeft UIInterfaceOrientationLandscapeRight";
				INFOPLIST_KEY_UISupportedInterfaceOrientations_iPhone = "UIInterfaceOrientationPortrait UIInterfaceOrientationLandscapeLeft UIInterfaceOrientationLandscapeRight";
				LD_RUNPATH_SEARCH_PATHS = (
					"$(inherited)",
					"@executable_path/Frameworks",
				);
				MARKETING_VERSION = 1.0;
				PRODUCT_BUNDLE_IDENTIFIER = "com.armando.test.User-Default";
				PRODUCT_NAME = "$(TARGET_NAME)";
				SWIFT_EMIT_LOC_STRINGS = YES;
				SWIFT_VERSION = 5.0;
				TARGETED_DEVICE_FAMILY = "1,2";
			};
			name = Debug;
		};
		765A8E892B1A36AF000342C9 /* Release */ = {
			isa = XCBuildConfiguration;
			buildSettings = {
				ASSETCATALOG_COMPILER_APPICON_NAME = AppIcon;
				ASSETCATALOG_COMPILER_GLOBAL_ACCENT_COLOR_NAME = AccentColor;
				CODE_SIGN_STYLE = Automatic;
				CURRENT_PROJECT_VERSION = 1;
				DEVELOPMENT_TEAM = UJSRV9HAGZ;
				GENERATE_INFOPLIST_FILE = YES;
				INFOPLIST_FILE = User_Default/Info.plist;
				INFOPLIST_KEY_UIApplicationSupportsIndirectInputEvents = YES;
				INFOPLIST_KEY_UILaunchStoryboardName = LaunchScreen;
				INFOPLIST_KEY_UISupportedInterfaceOrientations_iPad = "UIInterfaceOrientationPortrait UIInterfaceOrientationPortraitUpsideDown UIInterfaceOrientationLandscapeLeft UIInterfaceOrientationLandscapeRight";
				INFOPLIST_KEY_UISupportedInterfaceOrientations_iPhone = "UIInterfaceOrientationPortrait UIInterfaceOrientationLandscapeLeft UIInterfaceOrientationLandscapeRight";
				LD_RUNPATH_SEARCH_PATHS = (
					"$(inherited)",
					"@executable_path/Frameworks",
				);
				MARKETING_VERSION = 1.0;
				PRODUCT_BUNDLE_IDENTIFIER = "com.armando.test.User-Default";
				PRODUCT_NAME = "$(TARGET_NAME)";
				SWIFT_EMIT_LOC_STRINGS = YES;
				SWIFT_VERSION = 5.0;
				TARGETED_DEVICE_FAMILY = "1,2";
			};
			name = Release;
		};
/* End XCBuildConfiguration section */

/* Begin XCConfigurationList section */
		765A8E6E2B1A36AE000342C9 /* Build configuration list for PBXProject "User_Default" */ = {
			isa = XCConfigurationList;
			buildConfigurations = (
				765A8E852B1A36AF000342C9 /* Debug */,
				765A8E862B1A36AF000342C9 /* Release */,
			);
			defaultConfigurationIsVisible = 0;
			defaultConfigurationName = Release;
		};
		765A8E872B1A36AF000342C9 /* Build configuration list for PBXNativeTarget "User_Default" */ = {
			isa = XCConfigurationList;
			buildConfigurations = (
				765A8E882B1A36AF000342C9 /* Debug */,
				765A8E892B1A36AF000342C9 /* Release */,
			);
			defaultConfigurationIsVisible = 0;
			defaultConfigurationName = Release;
		};
/* End XCConfigurationList section */
	};
	rootObject = 765A8E6B2B1A36AE000342C9 /* Project object */;
}
